
Microsoft Visual Studio Solution File, Format Version 12.00
# Visual Studio Version 17
VisualStudioVersion = 17.3.32922.545
MinimumVisualStudioVersion = 10.0.40219.1
Project("{9A19103F-16F7-4668-BE54-9A1E7A4F7556}") = "Ex01", "Ex01\Ex01.csproj", "{7C78274E-35AC-4CB3-ACAE-4ADA9FF3BC3D}"
EndProject
Project("{9A19103F-16F7-4668-BE54-9A1E7A4F7556}") = "Ex02", "Ex02\Ex02.csproj", "{32ED10B0-45D1-4CE4-8032-9BA0F7D57A65}"
EndProject
Project("{9A19103F-16F7-4668-BE54-9A1E7A4F7556}") = "Ex03", "Ex03\Ex03.csproj", "{6FA2E750-38B9-48FC-B104-F42DA4E3675D}"
EndProject
Project("{9A19103F-16F7-4668-BE54-9A1E7A4F7556}") = "Ex04", "Ex04\Ex04.csproj", "{8C6BF2B8-3959-47E7-97F9-419C25A2768F}"
EndProject
Project("{9A19103F-16F7-4668-BE54-9A1E7A4F7556}") = "Ex04.b", "Ex04.b\Ex04.b.csproj", "{F26C81F7-3B78-41B5-9196-3E4152076DA1}"
EndProject
Project("{9A19103F-16F7-4668-BE54-9A1E7A4F7556}") = "Ex05", "Ex05\Ex05.csproj", "{8DE9D47D-DF8C-4862-BFA6-35BFB118C0E0}"
EndProject
Project("{9A19103F-16F7-4668-BE54-9A1E7A4F7556}") = "Ex06", "Ex06\Ex06.csproj", "{83EE88BE-A5D7-4676-BF60-5A35A71907F5}"
EndProject
Project("{9A19103F-16F7-4668-BE54-9A1E7A4F7556}") = "Ex06.b", "Ex06.b\Ex06.b.csproj", "{5728105C-529B-4D2A-93CD-F9CB777C9846}"
EndProject
Project("{9A19103F-16F7-4668-BE54-9A1E7A4F7556}") = "Ex07", "Ex07\Ex07.csproj", "{B402A1D1-A43B-4871-8B5A-1C543FD83B06}"
EndProject
Project("{9A19103F-16F7-4668-BE54-9A1E7A4F7556}") = "Ex09", "Ex09\Ex09.csproj", "{530248F2-5EF5-4E6D-8FF1-0E09FB716576}"
EndProject
Project("{9A19103F-16F7-4668-BE54-9A1E7A4F7556}") = "Ex10", "Ex10\Ex10.csproj", "{9D879732-E592-4ECE-A2E3-28A85E286522}"
EndProject
Project("{9A19103F-16F7-4668-BE54-9A1E7A4F7556}") = "Ex1 CHUNGO EXAMEN", "Ex1 CHUNGO EXAMEN\Ex1 CHUNGO EXAMEN.csproj", "{108E0362-FEB1-4577-B34F-19BA0D257A8F}"
EndProject
Project("{FAE04EC0-301F-11D3-BF4B-00C04F79EFBC}") = "Ex08", "Ex08\Ex08.csproj", "{157AC0E6-F503-400A-B782-9326143CA8AB}"
EndProject
Global
	GlobalSection(SolutionConfigurationPlatforms) = preSolution
		Debug|Any CPU = Debug|Any CPU
		Release|Any CPU = Release|Any CPU
	EndGlobalSection
	GlobalSection(ProjectConfigurationPlatforms) = postSolution
		{7C78274E-35AC-4CB3-ACAE-4ADA9FF3BC3D}.Debug|Any CPU.ActiveCfg = Debug|Any CPU
		{7C78274E-35AC-4CB3-ACAE-4ADA9FF3BC3D}.Debug|Any CPU.Build.0 = Debug|Any CPU
		{7C78274E-35AC-4CB3-ACAE-4ADA9FF3BC3D}.Release|Any CPU.ActiveCfg = Release|Any CPU
		{7C78274E-35AC-4CB3-ACAE-4ADA9FF3BC3D}.Release|Any CPU.Build.0 = Release|Any CPU
		{32ED10B0-45D1-4CE4-8032-9BA0F7D57A65}.Debug|Any CPU.ActiveCfg = Debug|Any CPU
		{32ED10B0-45D1-4CE4-8032-9BA0F7D57A65}.Debug|Any CPU.Build.0 = Debug|Any CPU
		{32ED10B0-45D1-4CE4-8032-9BA0F7D57A65}.Release|Any CPU.ActiveCfg = Release|Any CPU
		{32ED10B0-45D1-4CE4-8032-9BA0F7D57A65}.Release|Any CPU.Build.0 = Release|Any CPU
		{6FA2E750-38B9-48FC-B104-F42DA4E3675D}.Debug|Any CPU.ActiveCfg = Debug|Any CPU
		{6FA2E750-38B9-48FC-B104-F42DA4E3675D}.Debug|Any CPU.Build.0 = Debug|Any CPU
		{6FA2E750-38B9-48FC-B104-F42DA4E3675D}.Release|Any CPU.ActiveCfg = Release|Any CPU
		{6FA2E750-38B9-48FC-B104-F42DA4E3675D}.Release|Any CPU.Build.0 = Release|Any CPU
		{8C6BF2B8-3959-47E7-97F9-419C25A2768F}.Debug|Any CPU.ActiveCfg = Debug|Any CPU
		{8C6BF2B8-3959-47E7-97F9-419C25A2768F}.Debug|Any CPU.Build.0 = Debug|Any CPU
		{8C6BF2B8-3959-47E7-97F9-419C25A2768F}.Release|Any CPU.ActiveCfg = Release|Any CPU
		{8C6BF2B8-3959-47E7-97F9-419C25A2768F}.Release|Any CPU.Build.0 = Release|Any CPU
		{F26C81F7-3B78-41B5-9196-3E4152076DA1}.Debug|Any CPU.ActiveCfg = Debug|Any CPU
		{F26C81F7-3B78-41B5-9196-3E4152076DA1}.Debug|Any CPU.Build.0 = Debug|Any CPU
		{F26C81F7-3B78-41B5-9196-3E4152076DA1}.Release|Any CPU.ActiveCfg = Release|Any CPU
		{F26C81F7-3B78-41B5-9196-3E4152076DA1}.Release|Any CPU.Build.0 = Release|Any CPU
		{8DE9D47D-DF8C-4862-BFA6-35BFB118C0E0}.Debug|Any CPU.ActiveCfg = Debug|Any CPU
		{8DE9D47D-DF8C-4862-BFA6-35BFB118C0E0}.Debug|Any CPU.Build.0 = Debug|Any CPU
		{8DE9D47D-DF8C-4862-BFA6-35BFB118C0E0}.Release|Any CPU.ActiveCfg = Release|Any CPU
		{8DE9D47D-DF8C-4862-BFA6-35BFB118C0E0}.Release|Any CPU.Build.0 = Release|Any CPU
		{83EE88BE-A5D7-4676-BF60-5A35A71907F5}.Debug|Any CPU.ActiveCfg = Debug|Any CPU
		{83EE88BE-A5D7-4676-BF60-5A35A71907F5}.Debug|Any CPU.Build.0 = Debug|Any CPU
		{83EE88BE-A5D7-4676-BF60-5A35A71907F5}.Release|Any CPU.ActiveCfg = Release|Any CPU
		{83EE88BE-A5D7-4676-BF60-5A35A71907F5}.Release|Any CPU.Build.0 = Release|Any CPU
		{5728105C-529B-4D2A-93CD-F9CB777C9846}.Debug|Any CPU.ActiveCfg = Debug|Any CPU
		{5728105C-529B-4D2A-93CD-F9CB777C9846}.Debug|Any CPU.Build.0 = Debug|Any CPU
		{5728105C-529B-4D2A-93CD-F9CB777C9846}.Release|Any CPU.ActiveCfg = Release|Any CPU
		{5728105C-529B-4D2A-93CD-F9CB777C9846}.Release|Any CPU.Build.0 = Release|Any CPU
		{B402A1D1-A43B-4871-8B5A-1C543FD83B06}.Debug|Any CPU.ActiveCfg = Debug|Any CPU
		{B402A1D1-A43B-4871-8B5A-1C543FD83B06}.Debug|Any CPU.Build.0 = Debug|Any CPU
		{B402A1D1-A43B-4871-8B5A-1C543FD83B06}.Release|Any CPU.ActiveCfg = Release|Any CPU
		{B402A1D1-A43B-4871-8B5A-1C543FD83B06}.Release|Any CPU.Build.0 = Release|Any CPU
		{530248F2-5EF5-4E6D-8FF1-0E09FB716576}.Debug|Any CPU.ActiveCfg = Debug|Any CPU
		{530248F2-5EF5-4E6D-8FF1-0E09FB716576}.Debug|Any CPU.Build.0 = Debug|Any CPU
		{530248F2-5EF5-4E6D-8FF1-0E09FB716576}.Release|Any CPU.ActiveCfg = Release|Any CPU
		{530248F2-5EF5-4E6D-8FF1-0E09FB716576}.Release|Any CPU.Build.0 = Release|Any CPU
		{9D879732-E592-4ECE-A2E3-28A85E286522}.Debug|Any CPU.ActiveCfg = Debug|Any CPU
		{9D879732-E592-4ECE-A2E3-28A85E286522}.Debug|Any CPU.Build.0 = Debug|Any CPU
		{9D879732-E592-4ECE-A2E3-28A85E286522}.Release|Any CPU.ActiveCfg = Release|Any CPU
		{9D879732-E592-4ECE-A2E3-28A85E286522}.Release|Any CPU.Build.0 = Release|Any CPU
		{108E0362-FEB1-4577-B34F-19BA0D257A8F}.Debug|Any CPU.ActiveCfg = Debug|Any CPU
		{108E0362-FEB1-4577-B34F-19BA0D257A8F}.Debug|Any CPU.Build.0 = Debug|Any CPU
		{108E0362-FEB1-4577-B34F-19BA0D257A8F}.Release|Any CPU.ActiveCfg = Release|Any CPU
		{108E0362-FEB1-4577-B34F-19BA0D257A8F}.Release|Any CPU.Build.0 = Release|Any CPU
		{157AC0E6-F503-400A-B782-9326143CA8AB}.Debug|Any CPU.ActiveCfg = Debug|Any CPU
		{157AC0E6-F503-400A-B782-9326143CA8AB}.Debug|Any CPU.Build.0 = Debug|Any CPU
		{157AC0E6-F503-400A-B782-9326143CA8AB}.Release|Any CPU.ActiveCfg = Release|Any CPU
		{157AC0E6-F503-400A-B782-9326143CA8AB}.Release|Any CPU.Build.0 = Release|Any CPU
	EndGlobalSection
	GlobalSection(SolutionProperties) = preSolution
		HideSolutionNode = FALSE
	EndGlobalSection
	GlobalSection(ExtensibilityGlobals) = postSolution
		SolutionGuid = {9AD882FD-1167-485D-8985-3D2F2C54AFD3}
	EndGlobalSection
EndGlobal
